// !$*UTF8*$!
{
	archiveVersion = 1;
	classes = {
	};
	objectVersion = 46;
	objects = {

/* Begin PBXBuildFile section */
		EB10E8CE192A6D1B00D519D8 /* Foundation.framework in Frameworks */ = {isa = PBXBuildFile; fileRef = EB10E8CD192A6D1B00D519D8 /* Foundation.framework */; };
		EB10E8D3192A6D1B00D519D8 /* Bite.h in CopyFiles */ = {isa = PBXBuildFile; fileRef = EB10E8D2192A6D1B00D519D8 /* Bite.h */; };
		EB10E8DC192A6D1B00D519D8 /* XCTest.framework in Frameworks */ = {isa = PBXBuildFile; fileRef = EB10E8DB192A6D1B00D519D8 /* XCTest.framework */; };
		EB10E8DD192A6D1B00D519D8 /* Foundation.framework in Frameworks */ = {isa = PBXBuildFile; fileRef = EB10E8CD192A6D1B00D519D8 /* Foundation.framework */; };
		EB10E8E2192A6D1B00D519D8 /* libBite.a in Frameworks */ = {isa = PBXBuildFile; fileRef = EB10E8CA192A6D1B00D519D8 /* libBite.a */; };
		EB10E8E8192A6D1B00D519D8 /* InfoPlist.strings in Resources */ = {isa = PBXBuildFile; fileRef = EB10E8E6192A6D1B00D519D8 /* InfoPlist.strings */; };
		EB10E8EA192A6D1B00D519D8 /* BiteTests.m in Sources */ = {isa = PBXBuildFile; fileRef = EB10E8E9192A6D1B00D519D8 /* BiteTests.m */; };
		EB10E8FF192A700F00D519D8 /* BITETuple.m in Sources */ = {isa = PBXBuildFile; fileRef = EB10E8F4192A700F00D519D8 /* BITETuple.m */; };
		EB10E900192A700F00D519D8 /* BITEEnumerator.m in Sources */ = {isa = PBXBuildFile; fileRef = EB10E8F6192A700F00D519D8 /* BITEEnumerator.m */; };
		EB10E901192A700F00D519D8 /* BITESkipEnumerator.m in Sources */ = {isa = PBXBuildFile; fileRef = EB10E8F8192A700F00D519D8 /* BITESkipEnumerator.m */; };
		EB10E902192A700F00D519D8 /* BITETakeEnumerator.m in Sources */ = {isa = PBXBuildFile; fileRef = EB10E8FA192A700F00D519D8 /* BITETakeEnumerator.m */; };
		EB10E903192A700F00D519D8 /* BITEMapEnumerator.m in Sources */ = {isa = PBXBuildFile; fileRef = EB10E8FC192A700F00D519D8 /* BITEMapEnumerator.m */; };
		EB10E904192A700F00D519D8 /* BITEFilterEnumerator.m in Sources */ = {isa = PBXBuildFile; fileRef = EB10E8FE192A700F00D519D8 /* BITEFilterEnumerator.m */; };
		EB10E905192A71D300D519D8 /* BITETuple.h in CopyFiles */ = {isa = PBXBuildFile; fileRef = EB10E8F3192A700F00D519D8 /* BITETuple.h */; };
		EB10E906192A71D300D519D8 /* BITEEnumerator.h in CopyFiles */ = {isa = PBXBuildFile; fileRef = EB10E8F5192A700F00D519D8 /* BITEEnumerator.h */; };
		EB10E909192A745F00D519D8 /* PrimeEnumerator.m in Sources */ = {isa = PBXBuildFile; fileRef = EB10E908192A745F00D519D8 /* PrimeEnumerator.m */; };
		EB10E90F192AD2D700D519D8 /* Foundation.framework in Frameworks */ = {isa = PBXBuildFile; fileRef = EB10E8CD192A6D1B00D519D8 /* Foundation.framework */; };
		EB10E918192AD2D700D519D8 /* InfoPlist.strings in Resources */ = {isa = PBXBuildFile; fileRef = EB10E916192AD2D700D519D8 /* InfoPlist.strings */; };
		EB10E91A192AD2D700D519D8 /* main.m in Sources */ = {isa = PBXBuildFile; fileRef = EB10E919192AD2D700D519D8 /* main.m */; };
		EB10E920192AD2D700D519D8 /* Images.xcassets in Resources */ = {isa = PBXBuildFile; fileRef = EB10E91F192AD2D700D519D8 /* Images.xcassets */; };
		EB10E939192AD33F00D519D8 /* libBite.a in Frameworks */ = {isa = PBXBuildFile; fileRef = EB10E8CA192A6D1B00D519D8 /* libBite.a */; };
		EB10E93C192BC56100D519D8 /* Benchmark.m in Sources */ = {isa = PBXBuildFile; fileRef = EB10E93B192BC56100D519D8 /* Benchmark.m */; };
		EB10E93F192BCF2200D519D8 /* BITEGrouping.m in Sources */ = {isa = PBXBuildFile; fileRef = EB10E93E192BCF2200D519D8 /* BITEGrouping.m */; };
		EB10E940192BD40A00D519D8 /* BITEGrouping.h in CopyFiles */ = {isa = PBXBuildFile; fileRef = EB10E93D192BCF2200D519D8 /* BITEGrouping.h */; };
		EB10E951192DB77200D519D8 /* Cocoa.framework in Frameworks */ = {isa = PBXBuildFile; fileRef = EB10E950192DB77200D519D8 /* Cocoa.framework */; };
		EB10E961192DB77200D519D8 /* XCTest.framework in Frameworks */ = {isa = PBXBuildFile; fileRef = EB10E8DB192A6D1B00D519D8 /* XCTest.framework */; };
		EB10E962192DB77200D519D8 /* Cocoa.framework in Frameworks */ = {isa = PBXBuildFile; fileRef = EB10E950192DB77200D519D8 /* Cocoa.framework */; };
		EB10E965192DB77200D519D8 /* Bite-osx.dylib in Frameworks */ = {isa = PBXBuildFile; fileRef = EB10E94F192DB77200D519D8 /* Bite-osx.dylib */; };
		EB10E974192DB7E100D519D8 /* BITETuple.m in Sources */ = {isa = PBXBuildFile; fileRef = EB10E8F4192A700F00D519D8 /* BITETuple.m */; };
		EB10E975192DB7ED00D519D8 /* BITEEnumerator.m in Sources */ = {isa = PBXBuildFile; fileRef = EB10E8F6192A700F00D519D8 /* BITEEnumerator.m */; };
		EB10E976192DB7F400D519D8 /* BITEEnumerator.h in Headers */ = {isa = PBXBuildFile; fileRef = EB10E8F5192A700F00D519D8 /* BITEEnumerator.h */; settings = {ATTRIBUTES = (Public, ); }; };
		EB10E977192DB7F900D519D8 /* Bite.h in Headers */ = {isa = PBXBuildFile; fileRef = EB10E8D2192A6D1B00D519D8 /* Bite.h */; settings = {ATTRIBUTES = (Public, ); }; };
		EB10E978192DB7FE00D519D8 /* BITETuple.h in Headers */ = {isa = PBXBuildFile; fileRef = EB10E8F3192A700F00D519D8 /* BITETuple.h */; settings = {ATTRIBUTES = (Public, ); }; };
		EB10E979192DB80B00D519D8 /* BITEGrouping.h in Headers */ = {isa = PBXBuildFile; fileRef = EB10E93D192BCF2200D519D8 /* BITEGrouping.h */; settings = {ATTRIBUTES = (Public, ); }; };
		EB10E97A192DB81000D519D8 /* BITEGrouping.m in Sources */ = {isa = PBXBuildFile; fileRef = EB10E93E192BCF2200D519D8 /* BITEGrouping.m */; };
		EB10E97B192DB81400D519D8 /* BITESkipEnumerator.m in Sources */ = {isa = PBXBuildFile; fileRef = EB10E8F8192A700F00D519D8 /* BITESkipEnumerator.m */; };
		EB10E97C192DB81700D519D8 /* BITETakeEnumerator.m in Sources */ = {isa = PBXBuildFile; fileRef = EB10E8FA192A700F00D519D8 /* BITETakeEnumerator.m */; };
		EB10E97D192DB81B00D519D8 /* BITEMapEnumerator.m in Sources */ = {isa = PBXBuildFile; fileRef = EB10E8FC192A700F00D519D8 /* BITEMapEnumerator.m */; };
		EB10E97E192DB81E00D519D8 /* BITEFilterEnumerator.m in Sources */ = {isa = PBXBuildFile; fileRef = EB10E8FE192A700F00D519D8 /* BITEFilterEnumerator.m */; };
		EB10E97F192DB82F00D519D8 /* BiteTests.m in Sources */ = {isa = PBXBuildFile; fileRef = EB10E8E9192A6D1B00D519D8 /* BiteTests.m */; };
		EB10E980192DB83A00D519D8 /* PrimeEnumerator.m in Sources */ = {isa = PBXBuildFile; fileRef = EB10E908192A745F00D519D8 /* PrimeEnumerator.m */; };
		EB10E981192DB84300D519D8 /* InfoPlist.strings in Resources */ = {isa = PBXBuildFile; fileRef = EB10E8E6192A6D1B00D519D8 /* InfoPlist.strings */; };
		EB601A421BAA3A3E0044CE02 /* LinkedList.m in Sources */ = {isa = PBXBuildFile; fileRef = EB601A411BAA3A3E0044CE02 /* LinkedList.m */; settings = {ASSET_TAGS = (); }; };
		EB601A431BAA3BFF0044CE02 /* LinkedList.m in Sources */ = {isa = PBXBuildFile; fileRef = EB601A411BAA3A3E0044CE02 /* LinkedList.m */; settings = {ASSET_TAGS = (); }; };
		EB7335E619476922002E09F9 /* BITEUntilEnumerator.m in Sources */ = {isa = PBXBuildFile; fileRef = EB7335E419476922002E09F9 /* BITEUntilEnumerator.m */; };
		EB7335E719476922002E09F9 /* BITEUntilEnumerator.m in Sources */ = {isa = PBXBuildFile; fileRef = EB7335E419476922002E09F9 /* BITEUntilEnumerator.m */; };
		EB7335EB19476E32002E09F9 /* BITEAndEnumerator.m in Sources */ = {isa = PBXBuildFile; fileRef = EB7335E919476E32002E09F9 /* BITEAndEnumerator.m */; };
		EB7335EC19476E32002E09F9 /* BITEAndEnumerator.m in Sources */ = {isa = PBXBuildFile; fileRef = EB7335E919476E32002E09F9 /* BITEAndEnumerator.m */; };
		EBF30C721988237B00DC8856 /* BITEKeyPathEnumerator.m in Sources */ = {isa = PBXBuildFile; fileRef = EBF30C711988237B00DC8856 /* BITEKeyPathEnumerator.m */; };
		EBF30C73198825C700DC8856 /* BITEKeyPathEnumerator.m in Sources */ = {isa = PBXBuildFile; fileRef = EBF30C711988237B00DC8856 /* BITEKeyPathEnumerator.m */; };
		EBF30C74198829F700DC8856 /* BITEKeyPathEnumerator.h in CopyFiles */ = {isa = PBXBuildFile; fileRef = EBF30C701988237B00DC8856 /* BITEKeyPathEnumerator.h */; };
		EBF30C7519882A1B00DC8856 /* BITEKeyPathEnumerator.h in Headers */ = {isa = PBXBuildFile; fileRef = EBF30C701988237B00DC8856 /* BITEKeyPathEnumerator.h */; settings = {ATTRIBUTES = (Public, ); }; };
/* End PBXBuildFile section */

/* Begin PBXContainerItemProxy section */
		EB10E8E0192A6D1B00D519D8 /* PBXContainerItemProxy */ = {
			isa = PBXContainerItemProxy;
			containerPortal = EB10E8C2192A6D1B00D519D8 /* Project object */;
			proxyType = 1;
			remoteGlobalIDString = EB10E8C9192A6D1B00D519D8;
			remoteInfo = Bite;
		};
		EB10E963192DB77200D519D8 /* PBXContainerItemProxy */ = {
			isa = PBXContainerItemProxy;
			containerPortal = EB10E8C2192A6D1B00D519D8 /* Project object */;
			proxyType = 1;
			remoteGlobalIDString = EB10E94E192DB77200D519D8;
			remoteInfo = "Bite-osx";
		};
/* End PBXContainerItemProxy section */

/* Begin PBXCopyFilesBuildPhase section */
		EB10E8C8192A6D1B00D519D8 /* CopyFiles */ = {
			isa = PBXCopyFilesBuildPhase;
			buildActionMask = 2147483647;
			dstPath = "include/$(PRODUCT_NAME)";
			dstSubfolderSpec = 16;
			files = (
				EBF30C74198829F700DC8856 /* BITEKeyPathEnumerator.h in CopyFiles */,
				EB10E940192BD40A00D519D8 /* BITEGrouping.h in CopyFiles */,
				EB10E905192A71D300D519D8 /* BITETuple.h in CopyFiles */,
				EB10E906192A71D300D519D8 /* BITEEnumerator.h in CopyFiles */,
				EB10E8D3192A6D1B00D519D8 /* Bite.h in CopyFiles */,
			);
			runOnlyForDeploymentPostprocessing = 0;
		};
/* End PBXCopyFilesBuildPhase section */

/* Begin PBXFileReference section */
		EB10E8CA192A6D1B00D519D8 /* libBite.a */ = {isa = PBXFileReference; explicitFileType = archive.ar; includeInIndex = 0; path = libBite.a; sourceTree = BUILT_PRODUCTS_DIR; };
		EB10E8CD192A6D1B00D519D8 /* Foundation.framework */ = {isa = PBXFileReference; lastKnownFileType = wrapper.framework; name = Foundation.framework; path = System/Library/Frameworks/Foundation.framework; sourceTree = SDKROOT; };
		EB10E8D1192A6D1B00D519D8 /* Bite-Prefix.pch */ = {isa = PBXFileReference; lastKnownFileType = sourcecode.c.h; path = "Bite-Prefix.pch"; sourceTree = "<group>"; };
		EB10E8D2192A6D1B00D519D8 /* Bite.h */ = {isa = PBXFileReference; lastKnownFileType = sourcecode.c.h; path = Bite.h; sourceTree = "<group>"; };
		EB10E8DA192A6D1B00D519D8 /* BiteTests.xctest */ = {isa = PBXFileReference; explicitFileType = wrapper.cfbundle; includeInIndex = 0; path = BiteTests.xctest; sourceTree = BUILT_PRODUCTS_DIR; };
		EB10E8DB192A6D1B00D519D8 /* XCTest.framework */ = {isa = PBXFileReference; lastKnownFileType = wrapper.framework; name = XCTest.framework; path = Library/Frameworks/XCTest.framework; sourceTree = DEVELOPER_DIR; };
		EB10E8DE192A6D1B00D519D8 /* UIKit.framework */ = {isa = PBXFileReference; lastKnownFileType = wrapper.framework; name = UIKit.framework; path = Library/Frameworks/UIKit.framework; sourceTree = DEVELOPER_DIR; };
		EB10E8E5192A6D1B00D519D8 /* BiteTests-Info.plist */ = {isa = PBXFileReference; lastKnownFileType = text.plist.xml; path = "BiteTests-Info.plist"; sourceTree = "<group>"; };
		EB10E8E7192A6D1B00D519D8 /* en */ = {isa = PBXFileReference; lastKnownFileType = text.plist.strings; name = en; path = en.lproj/InfoPlist.strings; sourceTree = "<group>"; };
		EB10E8E9192A6D1B00D519D8 /* BiteTests.m */ = {isa = PBXFileReference; lastKnownFileType = sourcecode.c.objc; path = BiteTests.m; sourceTree = "<group>"; };
		EB10E8F3192A700F00D519D8 /* BITETuple.h */ = {isa = PBXFileReference; fileEncoding = 4; lastKnownFileType = sourcecode.c.h; path = BITETuple.h; sourceTree = "<group>"; };
		EB10E8F4192A700F00D519D8 /* BITETuple.m */ = {isa = PBXFileReference; fileEncoding = 4; lastKnownFileType = sourcecode.c.objc; path = BITETuple.m; sourceTree = "<group>"; };
		EB10E8F5192A700F00D519D8 /* BITEEnumerator.h */ = {isa = PBXFileReference; fileEncoding = 4; lastKnownFileType = sourcecode.c.h; path = BITEEnumerator.h; sourceTree = "<group>"; };
		EB10E8F6192A700F00D519D8 /* BITEEnumerator.m */ = {isa = PBXFileReference; fileEncoding = 4; lastKnownFileType = sourcecode.c.objc; path = BITEEnumerator.m; sourceTree = "<group>"; };
		EB10E8F7192A700F00D519D8 /* BITESkipEnumerator.h */ = {isa = PBXFileReference; fileEncoding = 4; lastKnownFileType = sourcecode.c.h; path = BITESkipEnumerator.h; sourceTree = "<group>"; };
		EB10E8F8192A700F00D519D8 /* BITESkipEnumerator.m */ = {isa = PBXFileReference; fileEncoding = 4; lastKnownFileType = sourcecode.c.objc; path = BITESkipEnumerator.m; sourceTree = "<group>"; };
		EB10E8F9192A700F00D519D8 /* BITETakeEnumerator.h */ = {isa = PBXFileReference; fileEncoding = 4; lastKnownFileType = sourcecode.c.h; path = BITETakeEnumerator.h; sourceTree = "<group>"; };
		EB10E8FA192A700F00D519D8 /* BITETakeEnumerator.m */ = {isa = PBXFileReference; fileEncoding = 4; lastKnownFileType = sourcecode.c.objc; path = BITETakeEnumerator.m; sourceTree = "<group>"; };
		EB10E8FB192A700F00D519D8 /* BITEMapEnumerator.h */ = {isa = PBXFileReference; fileEncoding = 4; lastKnownFileType = sourcecode.c.h; path = BITEMapEnumerator.h; sourceTree = "<group>"; };
		EB10E8FC192A700F00D519D8 /* BITEMapEnumerator.m */ = {isa = PBXFileReference; fileEncoding = 4; lastKnownFileType = sourcecode.c.objc; path = BITEMapEnumerator.m; sourceTree = "<group>"; };
		EB10E8FD192A700F00D519D8 /* BITEFilterEnumerator.h */ = {isa = PBXFileReference; fileEncoding = 4; lastKnownFileType = sourcecode.c.h; path = BITEFilterEnumerator.h; sourceTree = "<group>"; };
		EB10E8FE192A700F00D519D8 /* BITEFilterEnumerator.m */ = {isa = PBXFileReference; fileEncoding = 4; lastKnownFileType = sourcecode.c.objc; path = BITEFilterEnumerator.m; sourceTree = "<group>"; };
		EB10E907192A745F00D519D8 /* PrimeEnumerator.h */ = {isa = PBXFileReference; fileEncoding = 4; lastKnownFileType = sourcecode.c.h; path = PrimeEnumerator.h; sourceTree = "<group>"; };
		EB10E908192A745F00D519D8 /* PrimeEnumerator.m */ = {isa = PBXFileReference; fileEncoding = 4; lastKnownFileType = sourcecode.c.objc; path = PrimeEnumerator.m; sourceTree = "<group>"; };
		EB10E90E192AD2D700D519D8 /* Benchmarks.app */ = {isa = PBXFileReference; explicitFileType = wrapper.application; includeInIndex = 0; path = Benchmarks.app; sourceTree = BUILT_PRODUCTS_DIR; };
		EB10E915192AD2D700D519D8 /* Benchmarks-Info.plist */ = {isa = PBXFileReference; lastKnownFileType = text.plist.xml; path = "Benchmarks-Info.plist"; sourceTree = "<group>"; };
		EB10E917192AD2D700D519D8 /* en */ = {isa = PBXFileReference; lastKnownFileType = text.plist.strings; name = en; path = en.lproj/InfoPlist.strings; sourceTree = "<group>"; };
		EB10E919192AD2D700D519D8 /* main.m */ = {isa = PBXFileReference; lastKnownFileType = sourcecode.c.objc; path = main.m; sourceTree = "<group>"; };
		EB10E91B192AD2D700D519D8 /* Benchmarks-Prefix.pch */ = {isa = PBXFileReference; lastKnownFileType = sourcecode.c.h; path = "Benchmarks-Prefix.pch"; sourceTree = "<group>"; };
		EB10E91F192AD2D700D519D8 /* Images.xcassets */ = {isa = PBXFileReference; lastKnownFileType = folder.assetcatalog; path = Images.xcassets; sourceTree = "<group>"; };
		EB10E93A192BC56100D519D8 /* Benchmark.h */ = {isa = PBXFileReference; fileEncoding = 4; lastKnownFileType = sourcecode.c.h; path = Benchmark.h; sourceTree = "<group>"; };
		EB10E93B192BC56100D519D8 /* Benchmark.m */ = {isa = PBXFileReference; fileEncoding = 4; lastKnownFileType = sourcecode.c.objc; path = Benchmark.m; sourceTree = "<group>"; };
		EB10E93D192BCF2200D519D8 /* BITEGrouping.h */ = {isa = PBXFileReference; fileEncoding = 4; lastKnownFileType = sourcecode.c.h; path = BITEGrouping.h; sourceTree = "<group>"; };
		EB10E93E192BCF2200D519D8 /* BITEGrouping.m */ = {isa = PBXFileReference; fileEncoding = 4; lastKnownFileType = sourcecode.c.objc; path = BITEGrouping.m; sourceTree = "<group>"; };
		EB10E94F192DB77200D519D8 /* Bite-osx.dylib */ = {isa = PBXFileReference; explicitFileType = "compiled.mach-o.dylib"; includeInIndex = 0; path = "Bite-osx.dylib"; sourceTree = BUILT_PRODUCTS_DIR; };
		EB10E950192DB77200D519D8 /* Cocoa.framework */ = {isa = PBXFileReference; lastKnownFileType = wrapper.framework; name = Cocoa.framework; path = Library/Frameworks/Cocoa.framework; sourceTree = DEVELOPER_DIR; };
		EB10E953192DB77200D519D8 /* Foundation.framework */ = {isa = PBXFileReference; lastKnownFileType = wrapper.framework; name = Foundation.framework; path = Library/Frameworks/Foundation.framework; sourceTree = SDKROOT; };
		EB10E954192DB77200D519D8 /* CoreData.framework */ = {isa = PBXFileReference; lastKnownFileType = wrapper.framework; name = CoreData.framework; path = Library/Frameworks/CoreData.framework; sourceTree = SDKROOT; };
		EB10E955192DB77200D519D8 /* AppKit.framework */ = {isa = PBXFileReference; lastKnownFileType = wrapper.framework; name = AppKit.framework; path = Library/Frameworks/AppKit.framework; sourceTree = SDKROOT; };
		EB10E960192DB77200D519D8 /* Bite-osxTests.xctest */ = {isa = PBXFileReference; explicitFileType = wrapper.cfbundle; includeInIndex = 0; path = "Bite-osxTests.xctest"; sourceTree = BUILT_PRODUCTS_DIR; };
		EB601A401BAA3A3E0044CE02 /* LinkedList.h */ = {isa = PBXFileReference; fileEncoding = 4; lastKnownFileType = sourcecode.c.h; path = LinkedList.h; sourceTree = "<group>"; };
		EB601A411BAA3A3E0044CE02 /* LinkedList.m */ = {isa = PBXFileReference; fileEncoding = 4; lastKnownFileType = sourcecode.c.objc; path = LinkedList.m; sourceTree = "<group>"; };
		EB7335E319476922002E09F9 /* BITEUntilEnumerator.h */ = {isa = PBXFileReference; fileEncoding = 4; lastKnownFileType = sourcecode.c.h; path = BITEUntilEnumerator.h; sourceTree = "<group>"; };
		EB7335E419476922002E09F9 /* BITEUntilEnumerator.m */ = {isa = PBXFileReference; fileEncoding = 4; lastKnownFileType = sourcecode.c.objc; path = BITEUntilEnumerator.m; sourceTree = "<group>"; };
		EB7335E819476E32002E09F9 /* BITEAndEnumerator.h */ = {isa = PBXFileReference; fileEncoding = 4; lastKnownFileType = sourcecode.c.h; path = BITEAndEnumerator.h; sourceTree = "<group>"; };
		EB7335E919476E32002E09F9 /* BITEAndEnumerator.m */ = {isa = PBXFileReference; fileEncoding = 4; lastKnownFileType = sourcecode.c.objc; path = BITEAndEnumerator.m; sourceTree = "<group>"; };
		EBF30C701988237B00DC8856 /* BITEKeyPathEnumerator.h */ = {isa = PBXFileReference; fileEncoding = 4; lastKnownFileType = sourcecode.c.h; path = BITEKeyPathEnumerator.h; sourceTree = "<group>"; };
		EBF30C711988237B00DC8856 /* BITEKeyPathEnumerator.m */ = {isa = PBXFileReference; fileEncoding = 4; lastKnownFileType = sourcecode.c.objc; path = BITEKeyPathEnumerator.m; sourceTree = "<group>"; };
		EBF30C7A198831AF00DC8856 /* Bite.podspec */ = {isa = PBXFileReference; lastKnownFileType = text; path = Bite.podspec; sourceTree = "<group>"; };
/* End PBXFileReference section */

/* Begin PBXFrameworksBuildPhase section */
		EB10E8C7192A6D1B00D519D8 /* Frameworks */ = {
			isa = PBXFrameworksBuildPhase;
			buildActionMask = 2147483647;
			files = (
				EB10E8CE192A6D1B00D519D8 /* Foundation.framework in Frameworks */,
			);
			runOnlyForDeploymentPostprocessing = 0;
		};
		EB10E8D7192A6D1B00D519D8 /* Frameworks */ = {
			isa = PBXFrameworksBuildPhase;
			buildActionMask = 2147483647;
			files = (
				EB10E8DC192A6D1B00D519D8 /* XCTest.framework in Frameworks */,
				EB10E8DD192A6D1B00D519D8 /* Foundation.framework in Frameworks */,
				EB10E8E2192A6D1B00D519D8 /* libBite.a in Frameworks */,
			);
			runOnlyForDeploymentPostprocessing = 0;
		};
		EB10E90B192AD2D700D519D8 /* Frameworks */ = {
			isa = PBXFrameworksBuildPhase;
			buildActionMask = 2147483647;
			files = (
				EB10E939192AD33F00D519D8 /* libBite.a in Frameworks */,
				EB10E90F192AD2D700D519D8 /* Foundation.framework in Frameworks */,
			);
			runOnlyForDeploymentPostprocessing = 0;
		};
		EB10E94C192DB77200D519D8 /* Frameworks */ = {
			isa = PBXFrameworksBuildPhase;
			buildActionMask = 2147483647;
			files = (
				EB10E951192DB77200D519D8 /* Cocoa.framework in Frameworks */,
			);
			runOnlyForDeploymentPostprocessing = 0;
		};
		EB10E95D192DB77200D519D8 /* Frameworks */ = {
			isa = PBXFrameworksBuildPhase;
			buildActionMask = 2147483647;
			files = (
				EB10E965192DB77200D519D8 /* Bite-osx.dylib in Frameworks */,
				EB10E962192DB77200D519D8 /* Cocoa.framework in Frameworks */,
				EB10E961192DB77200D519D8 /* XCTest.framework in Frameworks */,
			);
			runOnlyForDeploymentPostprocessing = 0;
		};
/* End PBXFrameworksBuildPhase section */

/* Begin PBXGroup section */
		EB10E8C1192A6D1B00D519D8 = {
			isa = PBXGroup;
			children = (
				EBF30C7A198831AF00DC8856 /* Bite.podspec */,
				EB10E8CF192A6D1B00D519D8 /* Bite */,
				EB10E8E3192A6D1B00D519D8 /* BiteTests */,
				EB10E913192AD2D700D519D8 /* Benchmarks */,
				EB10E8CC192A6D1B00D519D8 /* Frameworks */,
				EB10E8CB192A6D1B00D519D8 /* Products */,
			);
			sourceTree = "<group>";
		};
		EB10E8CB192A6D1B00D519D8 /* Products */ = {
			isa = PBXGroup;
			children = (
				EB10E8CA192A6D1B00D519D8 /* libBite.a */,
				EB10E8DA192A6D1B00D519D8 /* BiteTests.xctest */,
				EB10E90E192AD2D700D519D8 /* Benchmarks.app */,
				EB10E94F192DB77200D519D8 /* Bite-osx.dylib */,
				EB10E960192DB77200D519D8 /* Bite-osxTests.xctest */,
			);
			name = Products;
			sourceTree = "<group>";
		};
		EB10E8CC192A6D1B00D519D8 /* Frameworks */ = {
			isa = PBXGroup;
			children = (
				EB10E8CD192A6D1B00D519D8 /* Foundation.framework */,
				EB10E8DB192A6D1B00D519D8 /* XCTest.framework */,
				EB10E8DE192A6D1B00D519D8 /* UIKit.framework */,
				EB10E950192DB77200D519D8 /* Cocoa.framework */,
				EB10E952192DB77200D519D8 /* Other Frameworks */,
			);
			name = Frameworks;
			sourceTree = "<group>";
		};
		EB10E8CF192A6D1B00D519D8 /* Bite */ = {
			isa = PBXGroup;
			children = (
				EB10E8D2192A6D1B00D519D8 /* Bite.h */,
				EB10E8F3192A700F00D519D8 /* BITETuple.h */,
				EB10E8F4192A700F00D519D8 /* BITETuple.m */,
				EB10E8F5192A700F00D519D8 /* BITEEnumerator.h */,
				EB10E8F6192A700F00D519D8 /* BITEEnumerator.m */,
				EB10E93D192BCF2200D519D8 /* BITEGrouping.h */,
				EB10E93E192BCF2200D519D8 /* BITEGrouping.m */,
				EB10E8F7192A700F00D519D8 /* BITESkipEnumerator.h */,
				EB10E8F8192A700F00D519D8 /* BITESkipEnumerator.m */,
				EB10E8F9192A700F00D519D8 /* BITETakeEnumerator.h */,
				EB10E8FA192A700F00D519D8 /* BITETakeEnumerator.m */,
				EB10E8FB192A700F00D519D8 /* BITEMapEnumerator.h */,
				EB10E8FC192A700F00D519D8 /* BITEMapEnumerator.m */,
				EB10E8FD192A700F00D519D8 /* BITEFilterEnumerator.h */,
				EB10E8FE192A700F00D519D8 /* BITEFilterEnumerator.m */,
				EB7335E319476922002E09F9 /* BITEUntilEnumerator.h */,
				EB7335E419476922002E09F9 /* BITEUntilEnumerator.m */,
				EB7335E819476E32002E09F9 /* BITEAndEnumerator.h */,
				EB7335E919476E32002E09F9 /* BITEAndEnumerator.m */,
				EBF30C701988237B00DC8856 /* BITEKeyPathEnumerator.h */,
				EBF30C711988237B00DC8856 /* BITEKeyPathEnumerator.m */,
				EB10E8D0192A6D1B00D519D8 /* Supporting Files */,
			);
			path = Bite;
			sourceTree = "<group>";
		};
		EB10E8D0192A6D1B00D519D8 /* Supporting Files */ = {
			isa = PBXGroup;
			children = (
				EB10E8D1192A6D1B00D519D8 /* Bite-Prefix.pch */,
			);
			name = "Supporting Files";
			sourceTree = "<group>";
		};
		EB10E8E3192A6D1B00D519D8 /* BiteTests */ = {
			isa = PBXGroup;
			children = (
				EB10E8E9192A6D1B00D519D8 /* BiteTests.m */,
				EB601A401BAA3A3E0044CE02 /* LinkedList.h */,
				EB601A411BAA3A3E0044CE02 /* LinkedList.m */,
				EB10E907192A745F00D519D8 /* PrimeEnumerator.h */,
				EB10E908192A745F00D519D8 /* PrimeEnumerator.m */,
				EB10E8E4192A6D1B00D519D8 /* Supporting Files */,
			);
			path = BiteTests;
			sourceTree = "<group>";
		};
		EB10E8E4192A6D1B00D519D8 /* Supporting Files */ = {
			isa = PBXGroup;
			children = (
				EB10E8E5192A6D1B00D519D8 /* BiteTests-Info.plist */,
				EB10E8E6192A6D1B00D519D8 /* InfoPlist.strings */,
			);
			name = "Supporting Files";
			sourceTree = "<group>";
		};
		EB10E913192AD2D700D519D8 /* Benchmarks */ = {
			isa = PBXGroup;
			children = (
				EB10E91F192AD2D700D519D8 /* Images.xcassets */,
				EB10E919192AD2D700D519D8 /* main.m */,
				EB10E914192AD2D700D519D8 /* Supporting Files */,
				EB10E93A192BC56100D519D8 /* Benchmark.h */,
				EB10E93B192BC56100D519D8 /* Benchmark.m */,
			);
			path = Benchmarks;
			sourceTree = "<group>";
		};
		EB10E914192AD2D700D519D8 /* Supporting Files */ = {
			isa = PBXGroup;
			children = (
				EB10E915192AD2D700D519D8 /* Benchmarks-Info.plist */,
				EB10E916192AD2D700D519D8 /* InfoPlist.strings */,
				EB10E91B192AD2D700D519D8 /* Benchmarks-Prefix.pch */,
			);
			name = "Supporting Files";
			sourceTree = "<group>";
		};
		EB10E952192DB77200D519D8 /* Other Frameworks */ = {
			isa = PBXGroup;
			children = (
				EB10E953192DB77200D519D8 /* Foundation.framework */,
				EB10E954192DB77200D519D8 /* CoreData.framework */,
				EB10E955192DB77200D519D8 /* AppKit.framework */,
			);
			name = "Other Frameworks";
			sourceTree = "<group>";
		};
/* End PBXGroup section */

/* Begin PBXHeadersBuildPhase section */
		EB10E94D192DB77200D519D8 /* Headers */ = {
			isa = PBXHeadersBuildPhase;
			buildActionMask = 2147483647;
			files = (
				EBF30C7519882A1B00DC8856 /* BITEKeyPathEnumerator.h in Headers */,
				EB10E977192DB7F900D519D8 /* Bite.h in Headers */,
				EB10E978192DB7FE00D519D8 /* BITETuple.h in Headers */,
				EB10E976192DB7F400D519D8 /* BITEEnumerator.h in Headers */,
				EB10E979192DB80B00D519D8 /* BITEGrouping.h in Headers */,
			);
			runOnlyForDeploymentPostprocessing = 0;
		};
/* End PBXHeadersBuildPhase section */

/* Begin PBXNativeTarget section */
		EB10E8C9192A6D1B00D519D8 /* Bite */ = {
			isa = PBXNativeTarget;
			buildConfigurationList = EB10E8ED192A6D1B00D519D8 /* Build configuration list for PBXNativeTarget "Bite" */;
			buildPhases = (
				EB10E8C6192A6D1B00D519D8 /* Sources */,
				EB10E8C7192A6D1B00D519D8 /* Frameworks */,
				EB10E8C8192A6D1B00D519D8 /* CopyFiles */,
			);
			buildRules = (
			);
			dependencies = (
			);
			name = Bite;
			productName = Bite;
			productReference = EB10E8CA192A6D1B00D519D8 /* libBite.a */;
			productType = "com.apple.product-type.library.static";
		};
		EB10E8D9192A6D1B00D519D8 /* BiteTests */ = {
			isa = PBXNativeTarget;
			buildConfigurationList = EB10E8F0192A6D1B00D519D8 /* Build configuration list for PBXNativeTarget "BiteTests" */;
			buildPhases = (
				EB10E8D6192A6D1B00D519D8 /* Sources */,
				EB10E8D7192A6D1B00D519D8 /* Frameworks */,
				EB10E8D8192A6D1B00D519D8 /* Resources */,
			);
			buildRules = (
			);
			dependencies = (
				EB10E8E1192A6D1B00D519D8 /* PBXTargetDependency */,
			);
			name = BiteTests;
			productName = BiteTests;
			productReference = EB10E8DA192A6D1B00D519D8 /* BiteTests.xctest */;
			productType = "com.apple.product-type.bundle.unit-test";
		};
		EB10E90D192AD2D700D519D8 /* Benchmarks */ = {
			isa = PBXNativeTarget;
			buildConfigurationList = EB10E933192AD2D700D519D8 /* Build configuration list for PBXNativeTarget "Benchmarks" */;
			buildPhases = (
				EB10E90A192AD2D700D519D8 /* Sources */,
				EB10E90B192AD2D700D519D8 /* Frameworks */,
				EB10E90C192AD2D700D519D8 /* Resources */,
			);
			buildRules = (
			);
			dependencies = (
			);
			name = Benchmarks;
			productName = Benchmarks;
			productReference = EB10E90E192AD2D700D519D8 /* Benchmarks.app */;
			productType = "com.apple.product-type.application";
		};
		EB10E94E192DB77200D519D8 /* Bite-osx */ = {
			isa = PBXNativeTarget;
			buildConfigurationList = EB10E96E192DB77300D519D8 /* Build configuration list for PBXNativeTarget "Bite-osx" */;
			buildPhases = (
				EB10E94B192DB77200D519D8 /* Sources */,
				EB10E94C192DB77200D519D8 /* Frameworks */,
				EB10E94D192DB77200D519D8 /* Headers */,
			);
			buildRules = (
			);
			dependencies = (
			);
			name = "Bite-osx";
			productName = "Bite-osx";
			productReference = EB10E94F192DB77200D519D8 /* Bite-osx.dylib */;
			productType = "com.apple.product-type.library.dynamic";
		};
		EB10E95F192DB77200D519D8 /* Bite-osxTests */ = {
			isa = PBXNativeTarget;
			buildConfigurationList = EB10E971192DB77300D519D8 /* Build configuration list for PBXNativeTarget "Bite-osxTests" */;
			buildPhases = (
				EB10E95C192DB77200D519D8 /* Sources */,
				EB10E95D192DB77200D519D8 /* Frameworks */,
				EB10E95E192DB77200D519D8 /* Resources */,
			);
			buildRules = (
			);
			dependencies = (
				EB10E964192DB77200D519D8 /* PBXTargetDependency */,
			);
			name = "Bite-osxTests";
			productName = "Bite-osxTests";
			productReference = EB10E960192DB77200D519D8 /* Bite-osxTests.xctest */;
			productType = "com.apple.product-type.bundle.unit-test";
		};
/* End PBXNativeTarget section */

/* Begin PBXProject section */
		EB10E8C2192A6D1B00D519D8 /* Project object */ = {
			isa = PBXProject;
			attributes = {
				LastUpgradeCheck = 0700;
				ORGANIZATIONNAME = "Brian Nickel";
				TargetAttributes = {
					EB10E8D9192A6D1B00D519D8 = {
						TestTargetID = EB10E8C9192A6D1B00D519D8;
					};
					EB10E95F192DB77200D519D8 = {
						TestTargetID = EB10E94E192DB77200D519D8;
					};
				};
			};
			buildConfigurationList = EB10E8C5192A6D1B00D519D8 /* Build configuration list for PBXProject "Bite" */;
			compatibilityVersion = "Xcode 3.2";
			developmentRegion = English;
			hasScannedForEncodings = 0;
			knownRegions = (
				en,
			);
			mainGroup = EB10E8C1192A6D1B00D519D8;
			productRefGroup = EB10E8CB192A6D1B00D519D8 /* Products */;
			projectDirPath = "";
			projectRoot = "";
			targets = (
				EB10E8C9192A6D1B00D519D8 /* Bite */,
				EB10E8D9192A6D1B00D519D8 /* BiteTests */,
				EB10E90D192AD2D700D519D8 /* Benchmarks */,
				EB10E94E192DB77200D519D8 /* Bite-osx */,
				EB10E95F192DB77200D519D8 /* Bite-osxTests */,
			);
		};
/* End PBXProject section */

/* Begin PBXResourcesBuildPhase section */
		EB10E8D8192A6D1B00D519D8 /* Resources */ = {
			isa = PBXResourcesBuildPhase;
			buildActionMask = 2147483647;
			files = (
				EB10E8E8192A6D1B00D519D8 /* InfoPlist.strings in Resources */,
			);
			runOnlyForDeploymentPostprocessing = 0;
		};
		EB10E90C192AD2D700D519D8 /* Resources */ = {
			isa = PBXResourcesBuildPhase;
			buildActionMask = 2147483647;
			files = (
				EB10E918192AD2D700D519D8 /* InfoPlist.strings in Resources */,
				EB10E920192AD2D700D519D8 /* Images.xcassets in Resources */,
			);
			runOnlyForDeploymentPostprocessing = 0;
		};
		EB10E95E192DB77200D519D8 /* Resources */ = {
			isa = PBXResourcesBuildPhase;
			buildActionMask = 2147483647;
			files = (
				EB10E981192DB84300D519D8 /* InfoPlist.strings in Resources */,
			);
			runOnlyForDeploymentPostprocessing = 0;
		};
/* End PBXResourcesBuildPhase section */

/* Begin PBXSourcesBuildPhase section */
		EB10E8C6192A6D1B00D519D8 /* Sources */ = {
			isa = PBXSourcesBuildPhase;
			buildActionMask = 2147483647;
			files = (
				EB10E8FF192A700F00D519D8 /* BITETuple.m in Sources */,
				EB10E904192A700F00D519D8 /* BITEFilterEnumerator.m in Sources */,
				EBF30C721988237B00DC8856 /* BITEKeyPathEnumerator.m in Sources */,
				EB7335E619476922002E09F9 /* BITEUntilEnumerator.m in Sources */,
				EB10E900192A700F00D519D8 /* BITEEnumerator.m in Sources */,
				EB7335EB19476E32002E09F9 /* BITEAndEnumerator.m in Sources */,
				EB10E93F192BCF2200D519D8 /* BITEGrouping.m in Sources */,
				EB10E902192A700F00D519D8 /* BITETakeEnumerator.m in Sources */,
				EB10E903192A700F00D519D8 /* BITEMapEnumerator.m in Sources */,
				EB10E901192A700F00D519D8 /* BITESkipEnumerator.m in Sources */,
			);
			runOnlyForDeploymentPostprocessing = 0;
		};
		EB10E8D6192A6D1B00D519D8 /* Sources */ = {
			isa = PBXSourcesBuildPhase;
			buildActionMask = 2147483647;
			files = (
				EB601A421BAA3A3E0044CE02 /* LinkedList.m in Sources */,
				EB10E909192A745F00D519D8 /* PrimeEnumerator.m in Sources */,
				EB10E8EA192A6D1B00D519D8 /* BiteTests.m in Sources */,
			);
			runOnlyForDeploymentPostprocessing = 0;
		};
		EB10E90A192AD2D700D519D8 /* Sources */ = {
			isa = PBXSourcesBuildPhase;
			buildActionMask = 2147483647;
			files = (
				EB10E91A192AD2D700D519D8 /* main.m in Sources */,
				EB10E93C192BC56100D519D8 /* Benchmark.m in Sources */,
			);
			runOnlyForDeploymentPostprocessing = 0;
		};
		EB10E94B192DB77200D519D8 /* Sources */ = {
			isa = PBXSourcesBuildPhase;
			buildActionMask = 2147483647;
			files = (
				EB10E97C192DB81700D519D8 /* BITETakeEnumerator.m in Sources */,
				EB10E97B192DB81400D519D8 /* BITESkipEnumerator.m in Sources */,
				EBF30C73198825C700DC8856 /* BITEKeyPathEnumerator.m in Sources */,
				EB7335E719476922002E09F9 /* BITEUntilEnumerator.m in Sources */,
				EB10E97D192DB81B00D519D8 /* BITEMapEnumerator.m in Sources */,
				EB7335EC19476E32002E09F9 /* BITEAndEnumerator.m in Sources */,
				EB10E974192DB7E100D519D8 /* BITETuple.m in Sources */,
				EB10E975192DB7ED00D519D8 /* BITEEnumerator.m in Sources */,
				EB10E97A192DB81000D519D8 /* BITEGrouping.m in Sources */,
				EB10E97E192DB81E00D519D8 /* BITEFilterEnumerator.m in Sources */,
			);
			runOnlyForDeploymentPostprocessing = 0;
		};
		EB10E95C192DB77200D519D8 /* Sources */ = {
			isa = PBXSourcesBuildPhase;
			buildActionMask = 2147483647;
			files = (
				EB601A431BAA3BFF0044CE02 /* LinkedList.m in Sources */,
				EB10E97F192DB82F00D519D8 /* BiteTests.m in Sources */,
				EB10E980192DB83A00D519D8 /* PrimeEnumerator.m in Sources */,
			);
			runOnlyForDeploymentPostprocessing = 0;
		};
/* End PBXSourcesBuildPhase section */

/* Begin PBXTargetDependency section */
		EB10E8E1192A6D1B00D519D8 /* PBXTargetDependency */ = {
			isa = PBXTargetDependency;
			target = EB10E8C9192A6D1B00D519D8 /* Bite */;
			targetProxy = EB10E8E0192A6D1B00D519D8 /* PBXContainerItemProxy */;
		};
		EB10E964192DB77200D519D8 /* PBXTargetDependency */ = {
			isa = PBXTargetDependency;
			target = EB10E94E192DB77200D519D8 /* Bite-osx */;
			targetProxy = EB10E963192DB77200D519D8 /* PBXContainerItemProxy */;
		};
/* End PBXTargetDependency section */

/* Begin PBXVariantGroup section */
		EB10E8E6192A6D1B00D519D8 /* InfoPlist.strings */ = {
			isa = PBXVariantGroup;
			children = (
				EB10E8E7192A6D1B00D519D8 /* en */,
			);
			name = InfoPlist.strings;
			sourceTree = "<group>";
		};
		EB10E916192AD2D700D519D8 /* InfoPlist.strings */ = {
			isa = PBXVariantGroup;
			children = (
				EB10E917192AD2D700D519D8 /* en */,
			);
			name = InfoPlist.strings;
			sourceTree = "<group>";
		};
/* End PBXVariantGroup section */

/* Begin XCBuildConfiguration section */
		EB10E8EB192A6D1B00D519D8 /* Debug */ = {
			isa = XCBuildConfiguration;
			buildSettings = {
				ALWAYS_SEARCH_USER_PATHS = NO;
				CLANG_CXX_LANGUAGE_STANDARD = "gnu++0x";
				CLANG_CXX_LIBRARY = "libc++";
				CLANG_ENABLE_MODULES = YES;
				CLANG_ENABLE_OBJC_ARC = YES;
				CLANG_WARN_BOOL_CONVERSION = YES;
				CLANG_WARN_CONSTANT_CONVERSION = YES;
				CLANG_WARN_DIRECT_OBJC_ISA_USAGE = YES_ERROR;
				CLANG_WARN_EMPTY_BODY = YES;
				CLANG_WARN_ENUM_CONVERSION = YES;
				CLANG_WARN_INT_CONVERSION = YES;
				CLANG_WARN_OBJC_ROOT_CLASS = YES_ERROR;
				CLANG_WARN__DUPLICATE_METHOD_MATCH = YES;
				COPY_PHASE_STRIP = NO;
				ENABLE_TESTABILITY = YES;
				GCC_C_LANGUAGE_STANDARD = gnu99;
				GCC_DYNAMIC_NO_PIC = NO;
				GCC_OPTIMIZATION_LEVEL = 0;
				GCC_PREPROCESSOR_DEFINITIONS = (
					"DEBUG=1",
					"$(inherited)",
				);
				GCC_SYMBOLS_PRIVATE_EXTERN = NO;
				GCC_WARN_64_TO_32_BIT_CONVERSION = YES;
				GCC_WARN_ABOUT_RETURN_TYPE = YES_ERROR;
				GCC_WARN_UNDECLARED_SELECTOR = YES;
				GCC_WARN_UNINITIALIZED_AUTOS = YES_AGGRESSIVE;
				GCC_WARN_UNUSED_FUNCTION = YES;
				GCC_WARN_UNUSED_VARIABLE = YES;
				IPHONEOS_DEPLOYMENT_TARGET = 5.0;
				ONLY_ACTIVE_ARCH = YES;
				SDKROOT = iphoneos;
			};
			name = Debug;
		};
		EB10E8EC192A6D1B00D519D8 /* Release */ = {
			isa = XCBuildConfiguration;
			buildSettings = {
				ALWAYS_SEARCH_USER_PATHS = NO;
				CLANG_CXX_LANGUAGE_STANDARD = "gnu++0x";
				CLANG_CXX_LIBRARY = "libc++";
				CLANG_ENABLE_MODULES = YES;
				CLANG_ENABLE_OBJC_ARC = YES;
				CLANG_WARN_BOOL_CONVERSION = YES;
				CLANG_WARN_CONSTANT_CONVERSION = YES;
				CLANG_WARN_DIRECT_OBJC_ISA_USAGE = YES_ERROR;
				CLANG_WARN_EMPTY_BODY = YES;
				CLANG_WARN_ENUM_CONVERSION = YES;
				CLANG_WARN_INT_CONVERSION = YES;
				CLANG_WARN_OBJC_ROOT_CLASS = YES_ERROR;
				CLANG_WARN__DUPLICATE_METHOD_MATCH = YES;
				COPY_PHASE_STRIP = YES;
				ENABLE_NS_ASSERTIONS = NO;
				GCC_C_LANGUAGE_STANDARD = gnu99;
				GCC_WARN_64_TO_32_BIT_CONVERSION = YES;
				GCC_WARN_ABOUT_RETURN_TYPE = YES_ERROR;
				GCC_WARN_UNDECLARED_SELECTOR = YES;
				GCC_WARN_UNINITIALIZED_AUTOS = YES_AGGRESSIVE;
				GCC_WARN_UNUSED_FUNCTION = YES;
				GCC_WARN_UNUSED_VARIABLE = YES;
				IPHONEOS_DEPLOYMENT_TARGET = 5.0;
				SDKROOT = iphoneos;
				VALIDATE_PRODUCT = YES;
			};
			name = Release;
		};
		EB10E8EE192A6D1B00D519D8 /* Debug */ = {
			isa = XCBuildConfiguration;
			buildSettings = {
				DSTROOT = /tmp/Bite.dst;
				GCC_PRECOMPILE_PREFIX_HEADER = YES;
				GCC_PREFIX_HEADER = "Bite/Bite-Prefix.pch";
				OTHER_LDFLAGS = "-ObjC";
				PRODUCT_NAME = "$(TARGET_NAME)";
				SKIP_INSTALL = YES;
			};
			name = Debug;
		};
		EB10E8EF192A6D1B00D519D8 /* Release */ = {
			isa = XCBuildConfiguration;
			buildSettings = {
				DSTROOT = /tmp/Bite.dst;
				GCC_PRECOMPILE_PREFIX_HEADER = YES;
				GCC_PREFIX_HEADER = "Bite/Bite-Prefix.pch";
				OTHER_LDFLAGS = "-ObjC";
				PRODUCT_NAME = "$(TARGET_NAME)";
				SKIP_INSTALL = YES;
			};
			name = Release;
		};
		EB10E8F1192A6D1B00D519D8 /* Debug */ = {
			isa = XCBuildConfiguration;
			buildSettings = {
				FRAMEWORK_SEARCH_PATHS = (
					"$(SDKROOT)/Developer/Library/Frameworks",
					"$(inherited)",
					"$(DEVELOPER_FRAMEWORKS_DIR)",
				);
				GCC_PRECOMPILE_PREFIX_HEADER = YES;
				GCC_PREFIX_HEADER = "Bite/Bite-Prefix.pch";
				GCC_PREPROCESSOR_DEFINITIONS = (
					"DEBUG=1",
					"$(inherited)",
				);
				INFOPLIST_FILE = "BiteTests/BiteTests-Info.plist";
				PRODUCT_BUNDLE_IDENTIFIER = "personal.brian-nickel.${PRODUCT_NAME:rfc1034identifier}";
				PRODUCT_NAME = "$(TARGET_NAME)";
				WRAPPER_EXTENSION = xctest;
			};
			name = Debug;
		};
		EB10E8F2192A6D1B00D519D8 /* Release */ = {
			isa = XCBuildConfiguration;
			buildSettings = {
				FRAMEWORK_SEARCH_PATHS = (
					"$(SDKROOT)/Developer/Library/Frameworks",
					"$(inherited)",
					"$(DEVELOPER_FRAMEWORKS_DIR)",
				);
				GCC_PRECOMPILE_PREFIX_HEADER = YES;
				GCC_PREFIX_HEADER = "Bite/Bite-Prefix.pch";
				INFOPLIST_FILE = "BiteTests/BiteTests-Info.plist";
				PRODUCT_BUNDLE_IDENTIFIER = "personal.brian-nickel.${PRODUCT_NAME:rfc1034identifier}";
				PRODUCT_NAME = "$(TARGET_NAME)";
				WRAPPER_EXTENSION = xctest;
			};
			name = Release;
		};
		EB10E934192AD2D700D519D8 /* Debug */ = {
			isa = XCBuildConfiguration;
			buildSettings = {
				ASSETCATALOG_COMPILER_APPICON_NAME = AppIcon;
				ASSETCATALOG_COMPILER_LAUNCHIMAGE_NAME = LaunchImage;
				"CODE_SIGN_IDENTITY[sdk=iphoneos*]" = "iPhone Developer";
				FRAMEWORK_SEARCH_PATHS = (
					"$(inherited)",
					"$(DEVELOPER_FRAMEWORKS_DIR)",
				);
				GCC_PRECOMPILE_PREFIX_HEADER = YES;
				GCC_PREFIX_HEADER = "Benchmarks/Benchmarks-Prefix.pch";
				GCC_PREPROCESSOR_DEFINITIONS = (
					"DEBUG=1",
					"$(inherited)",
				);
				INFOPLIST_FILE = "Benchmarks/Benchmarks-Info.plist";
				PRODUCT_BUNDLE_IDENTIFIER = "personal.brian-nickel.${PRODUCT_NAME:rfc1034identifier}";
				PRODUCT_NAME = "$(TARGET_NAME)";
				WRAPPER_EXTENSION = app;
			};
			name = Debug;
		};
		EB10E935192AD2D700D519D8 /* Release */ = {
			isa = XCBuildConfiguration;
			buildSettings = {
				ASSETCATALOG_COMPILER_APPICON_NAME = AppIcon;
				ASSETCATALOG_COMPILER_LAUNCHIMAGE_NAME = LaunchImage;
				"CODE_SIGN_IDENTITY[sdk=iphoneos*]" = "iPhone Developer";
				FRAMEWORK_SEARCH_PATHS = (
					"$(inherited)",
					"$(DEVELOPER_FRAMEWORKS_DIR)",
				);
				GCC_PRECOMPILE_PREFIX_HEADER = YES;
				GCC_PREFIX_HEADER = "Benchmarks/Benchmarks-Prefix.pch";
				INFOPLIST_FILE = "Benchmarks/Benchmarks-Info.plist";
				PRODUCT_BUNDLE_IDENTIFIER = "personal.brian-nickel.${PRODUCT_NAME:rfc1034identifier}";
				PRODUCT_NAME = "$(TARGET_NAME)";
				WRAPPER_EXTENSION = app;
			};
			name = Release;
		};
		EB10E96F192DB77300D519D8 /* Debug */ = {
			isa = XCBuildConfiguration;
			buildSettings = {
				COMBINE_HIDPI_IMAGES = YES;
				DYLIB_COMPATIBILITY_VERSION = 1;
				DYLIB_CURRENT_VERSION = 1;
				FRAMEWORK_SEARCH_PATHS = (
					"$(inherited)",
					"$(DEVELOPER_FRAMEWORKS_DIR)",
				);
				GCC_ENABLE_OBJC_EXCEPTIONS = YES;
				GCC_PRECOMPILE_PREFIX_HEADER = YES;
				GCC_PREFIX_HEADER = "Bite/Bite-Prefix.pch";
				GCC_PREPROCESSOR_DEFINITIONS = (
					"DEBUG=1",
					"$(inherited)",
				);
				MACOSX_DEPLOYMENT_TARGET = 10.9;
				PRODUCT_NAME = "$(TARGET_NAME)";
				SDKROOT = macosx;
			};
			name = Debug;
		};
		EB10E970192DB77300D519D8 /* Release */ = {
			isa = XCBuildConfiguration;
			buildSettings = {
				COMBINE_HIDPI_IMAGES = YES;
				DEBUG_INFORMATION_FORMAT = "dwarf-with-dsym";
				DYLIB_COMPATIBILITY_VERSION = 1;
				DYLIB_CURRENT_VERSION = 1;
				FRAMEWORK_SEARCH_PATHS = (
					"$(inherited)",
					"$(DEVELOPER_FRAMEWORKS_DIR)",
				);
				GCC_ENABLE_OBJC_EXCEPTIONS = YES;
				GCC_PRECOMPILE_PREFIX_HEADER = YES;
				GCC_PREFIX_HEADER = "Bite/Bite-Prefix.pch";
				MACOSX_DEPLOYMENT_TARGET = 10.9;
				PRODUCT_NAME = "$(TARGET_NAME)";
				SDKROOT = macosx;
			};
			name = Release;
		};
		EB10E972192DB77300D519D8 /* Debug */ = {
			isa = XCBuildConfiguration;
			buildSettings = {
				COMBINE_HIDPI_IMAGES = YES;
				FRAMEWORK_SEARCH_PATHS = (
					"$(DEVELOPER_FRAMEWORKS_DIR)",
					"$(inherited)",
				);
				GCC_ENABLE_OBJC_EXCEPTIONS = YES;
				GCC_PRECOMPILE_PREFIX_HEADER = YES;
				GCC_PREFIX_HEADER = "Bite/Bite-Prefix.pch";
				GCC_PREPROCESSOR_DEFINITIONS = (
					"DEBUG=1",
					"$(inherited)",
				);
				INFOPLIST_FILE = "BiteTests/BiteTests-Info.plist";
				MACOSX_DEPLOYMENT_TARGET = 10.7;
				PRODUCT_BUNDLE_IDENTIFIER = "personal.brian-nickel.${PRODUCT_NAME:rfc1034identifier}";
				PRODUCT_NAME = "$(TARGET_NAME)";
				SDKROOT = macosx;
				WRAPPER_EXTENSION = xctest;
			};
			name = Debug;
		};
		EB10E973192DB77300D519D8 /* Release */ = {
			isa = XCBuildConfiguration;
			buildSettings = {
				COMBINE_HIDPI_IMAGES = YES;
				DEBUG_INFORMATION_FORMAT = "dwarf-with-dsym";
				FRAMEWORK_SEARCH_PATHS = (
					"$(DEVELOPER_FRAMEWORKS_DIR)",
					"$(inherited)",
				);
				GCC_ENABLE_OBJC_EXCEPTIONS = YES;
				GCC_PRECOMPILE_PREFIX_HEADER = YES;
				GCC_PREFIX_HEADER = "Bite/Bite-Prefix.pch";
				INFOPLIST_FILE = "BiteTests/BiteTests-Info.plist";
				MACOSX_DEPLOYMENT_TARGET = 10.7;
				PRODUCT_BUNDLE_IDENTIFIER = "personal.brian-nickel.${PRODUCT_NAME:rfc1034identifier}";
				PRODUCT_NAME = "$(TARGET_NAME)";
				SDKROOT = macosx;
				WRAPPER_EXTENSION = xctest;
			};
			name = Release;
		};
/* End XCBuildConfiguration section */

/* Begin XCConfigurationList section */
		EB10E8C5192A6D1B00D519D8 /* Build configuration list for PBXProject "Bite" */ = {
			isa = XCConfigurationList;
			buildConfigurations = (
				EB10E8EB192A6D1B00D519D8 /* Debug */,
				EB10E8EC192A6D1B00D519D8 /* Release */,
			);
			defaultConfigurationIsVisible = 0;
			defaultConfigurationName = Release;
		};
		EB10E8ED192A6D1B00D519D8 /* Build configuration list for PBXNativeTarget "Bite" */ = {
			isa = XCConfigurationList;
			buildConfigurations = (
				EB10E8EE192A6D1B00D519D8 /* Debug */,
				EB10E8EF192A6D1B00D519D8 /* Release */,
			);
			defaultConfigurationIsVisible = 0;
			defaultConfigurationName = Release;
		};
		EB10E8F0192A6D1B00D519D8 /* Build configuration list for PBXNativeTarget "BiteTests" */ = {
			isa = XCConfigurationList;
			buildConfigurations = (
				EB10E8F1192A6D1B00D519D8 /* Debug */,
				EB10E8F2192A6D1B00D519D8 /* Release */,
			);
			defaultConfigurationIsVisible = 0;
			defaultConfigurationName = Release;
		};
		EB10E933192AD2D700D519D8 /* Build configuration list for PBXNativeTarget "Benchmarks" */ = {
			isa = XCConfigurationList;
			buildConfigurations = (
				EB10E934192AD2D700D519D8 /* Debug */,
				EB10E935192AD2D700D519D8 /* Release */,
			);
			defaultConfigurationIsVisible = 0;
			defaultConfigurationName = Release;
		};
		EB10E96E192DB77300D519D8 /* Build configuration list for PBXNativeTarget "Bite-osx" */ = {
			isa = XCConfigurationList;
			buildConfigurations = (
				EB10E96F192DB77300D519D8 /* Debug */,
				EB10E970192DB77300D519D8 /* Release */,
			);
			defaultConfigurationIsVisible = 0;
			defaultConfigurationName = Release;
		};
		EB10E971192DB77300D519D8 /* Build configuration list for PBXNativeTarget "Bite-osxTests" */ = {
			isa = XCConfigurationList;
			buildConfigurations = (
				EB10E972192DB77300D519D8 /* Debug */,
				EB10E973192DB77300D519D8 /* Release */,
			);
			defaultConfigurationIsVisible = 0;
			defaultConfigurationName = Release;
		};
/* End XCConfigurationList section */
	};
	rootObject = EB10E8C2192A6D1B00D519D8 /* Project object */;
}
